
Microsoft Visual Studio Solution File, Format Version 12.00
# Visual Studio 14
VisualStudioVersion = 14.0.25420.1
MinimumVisualStudioVersion = 10.0.40219.1
Project("{2150E333-8FDC-42A3-9474-1A3956D46DE8}") = "Engine", "Engine", "{6D7A6671-CC67-4714-9E02-4980A00A024D}"
EndProject
Project("{2150E333-8FDC-42A3-9474-1A3956D46DE8}") = "Games", "Games", "{2D8597EF-BBBF-4262-BE0B-4260ABC14E86}"
EndProject
Project("{8BC9CEB8-8B4A-11D0-8D11-00A0C91BC942}") = "UE4", "Intermediate\ProjectFiles\UE4.vcxproj", "{CBA6D67B-B158-45B4-89E0-5EC4362397DA}"
EndProject
Project("{8BC9CEB8-8B4A-11D0-8D11-00A0C91BC942}") = "BuildingEscape", "Intermediate\ProjectFiles\BuildingEscape.vcxproj", "{26E01436-CDB4-44ED-8FCF-AEEBF63DC39F}"
EndProject
Global
	GlobalSection(SolutionConfigurationPlatforms) = preSolution
		DebugGame Editor|Win32 = DebugGame Editor|Win32
		DebugGame Editor|Win64 = DebugGame Editor|Win64
		DebugGame|Win32 = DebugGame|Win32
		DebugGame|Win64 = DebugGame|Win64
		Development Editor|Win32 = Development Editor|Win32
		Development Editor|Win64 = Development Editor|Win64
		Development|Win32 = Development|Win32
		Development|Win64 = Development|Win64
		Shipping|Win32 = Shipping|Win32
		Shipping|Win64 = Shipping|Win64
	EndGlobalSection
	GlobalSection(ProjectConfigurationPlatforms) = postSolution
		{CBA6D67B-B158-45B4-89E0-5EC4362397DA}.DebugGame Editor|Win32.ActiveCfg = BuiltWithUnrealBuildTool|Win32
		{CBA6D67B-B158-45B4-89E0-5EC4362397DA}.DebugGame Editor|Win32.Build.0 = BuiltWithUnrealBuildTool|Win32
		{CBA6D67B-B158-45B4-89E0-5EC4362397DA}.DebugGame Editor|Win64.ActiveCfg = BuiltWithUnrealBuildTool|Win32
		{CBA6D67B-B158-45B4-89E0-5EC4362397DA}.DebugGame Editor|Win64.Build.0 = BuiltWithUnrealBuildTool|Win32
		{CBA6D67B-B158-45B4-89E0-5EC4362397DA}.DebugGame|Win32.ActiveCfg = BuiltWithUnrealBuildTool|Win32
		{CBA6D67B-B158-45B4-89E0-5EC4362397DA}.DebugGame|Win32.Build.0 = BuiltWithUnrealBuildTool|Win32
		{CBA6D67B-B158-45B4-89E0-5EC4362397DA}.DebugGame|Win64.ActiveCfg = BuiltWithUnrealBuildTool|Win32
		{CBA6D67B-B158-45B4-89E0-5EC4362397DA}.DebugGame|Win64.Build.0 = BuiltWithUnrealBuildTool|Win32
		{CBA6D67B-B158-45B4-89E0-5EC4362397DA}.Development Editor|Win32.ActiveCfg = BuiltWithUnrealBuildTool|Win32
		{CBA6D67B-B158-45B4-89E0-5EC4362397DA}.Development Editor|Win32.Build.0 = BuiltWithUnrealBuildTool|Win32
		{CBA6D67B-B158-45B4-89E0-5EC4362397DA}.Development Editor|Win64.ActiveCfg = BuiltWithUnrealBuildTool|Win32
		{CBA6D67B-B158-45B4-89E0-5EC4362397DA}.Development Editor|Win64.Build.0 = BuiltWithUnrealBuildTool|Win32
		{CBA6D67B-B158-45B4-89E0-5EC4362397DA}.Development|Win32.ActiveCfg = BuiltWithUnrealBuildTool|Win32
		{CBA6D67B-B158-45B4-89E0-5EC4362397DA}.Development|Win32.Build.0 = BuiltWithUnrealBuildTool|Win32
		{CBA6D67B-B158-45B4-89E0-5EC4362397DA}.Development|Win64.ActiveCfg = BuiltWithUnrealBuildTool|Win32
		{CBA6D67B-B158-45B4-89E0-5EC4362397DA}.Development|Win64.Build.0 = BuiltWithUnrealBuildTool|Win32
		{CBA6D67B-B158-45B4-89E0-5EC4362397DA}.Shipping|Win32.ActiveCfg = BuiltWithUnrealBuildTool|Win32
		{CBA6D67B-B158-45B4-89E0-5EC4362397DA}.Shipping|Win32.Build.0 = BuiltWithUnrealBuildTool|Win32
		{CBA6D67B-B158-45B4-89E0-5EC4362397DA}.Shipping|Win64.ActiveCfg = BuiltWithUnrealBuildTool|Win32
		{CBA6D67B-B158-45B4-89E0-5EC4362397DA}.Shipping|Win64.Build.0 = BuiltWithUnrealBuildTool|Win32
		{26E01436-CDB4-44ED-8FCF-AEEBF63DC39F}.DebugGame Editor|Win32.ActiveCfg = DebugGame_Editor|Win32
		{26E01436-CDB4-44ED-8FCF-AEEBF63DC39F}.DebugGame Editor|Win64.ActiveCfg = DebugGame_Editor|x64
		{26E01436-CDB4-44ED-8FCF-AEEBF63DC39F}.DebugGame Editor|Win64.Build.0 = DebugGame_Editor|x64
		{26E01436-CDB4-44ED-8FCF-AEEBF63DC39F}.DebugGame|Win32.ActiveCfg = DebugGame_Game|Win32
		{26E01436-CDB4-44ED-8FCF-AEEBF63DC39F}.DebugGame|Win32.Build.0 = DebugGame_Game|Win32
		{26E01436-CDB4-44ED-8FCF-AEEBF63DC39F}.DebugGame|Win64.ActiveCfg = DebugGame_Game|x64
		{26E01436-CDB4-44ED-8FCF-AEEBF63DC39F}.DebugGame|Win64.Build.0 = DebugGame_Game|x64
		{26E01436-CDB4-44ED-8FCF-AEEBF63DC39F}.Development Editor|Win32.ActiveCfg = Development_Editor|Win32
		{26E01436-CDB4-44ED-8FCF-AEEBF63DC39F}.Development Editor|Win64.ActiveCfg = Development_Editor|x64
		{26E01436-CDB4-44ED-8FCF-AEEBF63DC39F}.Development Editor|Win64.Build.0 = Development_Editor|x64
		{26E01436-CDB4-44ED-8FCF-AEEBF63DC39F}.Development|Win32.ActiveCfg = Development_Game|Win32
		{26E01436-CDB4-44ED-8FCF-AEEBF63DC39F}.Development|Win32.Build.0 = Development_Game|Win32
		{26E01436-CDB4-44ED-8FCF-AEEBF63DC39F}.Development|Win64.ActiveCfg = Development_Game|x64
		{26E01436-CDB4-44ED-8FCF-AEEBF63DC39F}.Development|Win64.Build.0 = Development_Game|x64
		{26E01436-CDB4-44ED-8FCF-AEEBF63DC39F}.Shipping|Win32.ActiveCfg = Shipping_Game|Win32
		{26E01436-CDB4-44ED-8FCF-AEEBF63DC39F}.Shipping|Win32.Build.0 = Shipping_Game|Win32
		{26E01436-CDB4-44ED-8FCF-AEEBF63DC39F}.Shipping|Win64.ActiveCfg = Shipping_Game|x64
		{26E01436-CDB4-44ED-8FCF-AEEBF63DC39F}.Shipping|Win64.Build.0 = Shipping_Game|x64
	EndGlobalSection
	GlobalSection(SolutionProperties) = preSolution
		HideSolutionNode = FALSE
	EndGlobalSection
	GlobalSection(NestedProjects) = preSolution
		{CBA6D67B-B158-45B4-89E0-5EC4362397DA} = {6D7A6671-CC67-4714-9E02-4980A00A024D}
		{26E01436-CDB4-44ED-8FCF-AEEBF63DC39F} = {2D8597EF-BBBF-4262-BE0B-4260ABC14E86}
	EndGlobalSection
EndGlobal
